
Microsoft Visual Studio Solution File, Format Version 12.00
# Visual Studio 2013
VisualStudioVersion = 12.0.21005.1
MinimumVisualStudioVersion = 10.0.40219.1
Project("{FAE04EC0-301F-11D3-BF4B-00C04F79EFBC}") = "Goudkoorts", "Goudkoorts\Goudkoorts.csproj", "{9F41CB48-F58A-45D6-8424-39648896F160}"
EndProject
Project("{FAE04EC0-301F-11D3-BF4B-00C04F79EFBC}") = "GoudkoortsApp", "ConsoleApplication1\GoudkoortsApp.csproj", "{3B322BE3-22B9-4832-BF3B-19738C0502A1}"
EndProject
Global
	GlobalSection(SolutionConfigurationPlatforms) = preSolution
		Debug|Any CPU = Debug|Any CPU
		Release|Any CPU = Release|Any CPU
	EndGlobalSection
	GlobalSection(ProjectConfigurationPlatforms) = postSolution
		{9F41CB48-F58A-45D6-8424-39648896F160}.Debug|Any CPU.ActiveCfg = Debug|Any CPU
		{9F41CB48-F58A-45D6-8424-39648896F160}.Debug|Any CPU.Build.0 = Debug|Any CPU
		{9F41CB48-F58A-45D6-8424-39648896F160}.Release|Any CPU.ActiveCfg = Release|Any CPU
		{9F41CB48-F58A-45D6-8424-39648896F160}.Release|Any CPU.Build.0 = Release|Any CPU
		{3B322BE3-22B9-4832-BF3B-19738C0502A1}.Debug|Any CPU.ActiveCfg = Debug|Any CPU
		{3B322BE3-22B9-4832-BF3B-19738C0502A1}.Debug|Any CPU.Build.0 = Debug|Any CPU
		{3B322BE3-22B9-4832-BF3B-19738C0502A1}.Release|Any CPU.ActiveCfg = Release|Any CPU
		{3B322BE3-22B9-4832-BF3B-19738C0502A1}.Release|Any CPU.Build.0 = Release|Any CPU
	EndGlobalSection
	GlobalSection(SolutionProperties) = preSolution
		HideSolutionNode = FALSE
	EndGlobalSection
EndGlobal
